// !$*UTF8*$!
{
	archiveVersion = 1;
	classes = {
	};
	objectVersion = 55;
	objects = {

/* Begin PBXBuildFile section */
		AAF610BB2944FBF500234924 /* AppDelegate.swift in Sources */ = {isa = PBXBuildFile; fileRef = AAF610BA2944FBF500234924 /* AppDelegate.swift */; };
		AAF610BD2944FBF500234924 /* SceneDelegate.swift in Sources */ = {isa = PBXBuildFile; fileRef = AAF610BC2944FBF500234924 /* SceneDelegate.swift */; };
		AAF610BF2944FBF500234924 /* ViewController.swift in Sources */ = {isa = PBXBuildFile; fileRef = AAF610BE2944FBF500234924 /* ViewController.swift */; };
		AAF610C22944FBF500234924 /* Main.storyboard in Resources */ = {isa = PBXBuildFile; fileRef = AAF610C02944FBF500234924 /* Main.storyboard */; };
		AAF610C42944FBF600234924 /* Assets.xcassets in Resources */ = {isa = PBXBuildFile; fileRef = AAF610C32944FBF600234924 /* Assets.xcassets */; };
		AAF610C72944FBF600234924 /* LaunchScreen.storyboard in Resources */ = {isa = PBXBuildFile; fileRef = AAF610C52944FBF600234924 /* LaunchScreen.storyboard */; };
		AAF610CC2944FBF600234924 /* NoPonto WatchKit App.app in Embed Watch Content */ = {isa = PBXBuildFile; fileRef = AAF610CB2944FBF600234924 /* NoPonto WatchKit App.app */; settings = {ATTRIBUTES = (RemoveHeadersOnCopy, ); }; };
		AAF610D22944FBF600234924 /* Interface.storyboard in Resources */ = {isa = PBXBuildFile; fileRef = AAF610D02944FBF600234924 /* Interface.storyboard */; };
		AAF610D42944FBF600234924 /* Assets.xcassets in Resources */ = {isa = PBXBuildFile; fileRef = AAF610D32944FBF600234924 /* Assets.xcassets */; };
		AAF610DA2944FBF600234924 /* NoPonto WatchKit Extension.appex in Embed App Extensions */ = {isa = PBXBuildFile; fileRef = AAF610D92944FBF600234924 /* NoPonto WatchKit Extension.appex */; settings = {ATTRIBUTES = (RemoveHeadersOnCopy, ); }; };
		AAF610DF2944FBF600234924 /* InterfaceController.swift in Sources */ = {isa = PBXBuildFile; fileRef = AAF610DE2944FBF600234924 /* InterfaceController.swift */; };
		AAF610E12944FBF600234924 /* ExtensionDelegate.swift in Sources */ = {isa = PBXBuildFile; fileRef = AAF610E02944FBF600234924 /* ExtensionDelegate.swift */; };
		AAF610E32944FBF600234924 /* ComplicationController.swift in Sources */ = {isa = PBXBuildFile; fileRef = AAF610E22944FBF600234924 /* ComplicationController.swift */; };
		AAF610E52944FBF700234924 /* Assets.xcassets in Resources */ = {isa = PBXBuildFile; fileRef = AAF610E42944FBF700234924 /* Assets.xcassets */; };
		ED619F74294506B400610C28 /* MeatTemperature.swift in Sources */ = {isa = PBXBuildFile; fileRef = ED619F73294506B400610C28 /* MeatTemperature.swift */; };
/* End PBXBuildFile section */

/* Begin PBXContainerItemProxy section */
		AAF610CD2944FBF600234924 /* PBXContainerItemProxy */ = {
			isa = PBXContainerItemProxy;
			containerPortal = AAF610AF2944FBF500234924 /* Project object */;
			proxyType = 1;
			remoteGlobalIDString = AAF610CA2944FBF600234924;
			remoteInfo = "NoPonto WatchKit App";
		};
		AAF610DB2944FBF600234924 /* PBXContainerItemProxy */ = {
			isa = PBXContainerItemProxy;
			containerPortal = AAF610AF2944FBF500234924 /* Project object */;
			proxyType = 1;
			remoteGlobalIDString = AAF610D82944FBF600234924;
			remoteInfo = "NoPonto WatchKit Extension";
		};
/* End PBXContainerItemProxy section */

/* Begin PBXCopyFilesBuildPhase section */
		AAF610EC2944FBF700234924 /* Embed App Extensions */ = {
			isa = PBXCopyFilesBuildPhase;
			buildActionMask = 2147483647;
			dstPath = "";
			dstSubfolderSpec = 13;
			files = (
				AAF610DA2944FBF600234924 /* NoPonto WatchKit Extension.appex in Embed App Extensions */,
			);
			name = "Embed App Extensions";
			runOnlyForDeploymentPostprocessing = 0;
		};
		AAF610F02944FBF700234924 /* Embed Watch Content */ = {
			isa = PBXCopyFilesBuildPhase;
			buildActionMask = 2147483647;
			dstPath = "$(CONTENTS_FOLDER_PATH)/Watch";
			dstSubfolderSpec = 16;
			files = (
				AAF610CC2944FBF600234924 /* NoPonto WatchKit App.app in Embed Watch Content */,
			);
			name = "Embed Watch Content";
			runOnlyForDeploymentPostprocessing = 0;
		};
/* End PBXCopyFilesBuildPhase section */

/* Begin PBXFileReference section */
		AAF610B72944FBF500234924 /* NoPonto.app */ = {isa = PBXFileReference; explicitFileType = wrapper.application; includeInIndex = 0; path = NoPonto.app; sourceTree = BUILT_PRODUCTS_DIR; };
		AAF610BA2944FBF500234924 /* AppDelegate.swift */ = {isa = PBXFileReference; lastKnownFileType = sourcecode.swift; path = AppDelegate.swift; sourceTree = "<group>"; };
		AAF610BC2944FBF500234924 /* SceneDelegate.swift */ = {isa = PBXFileReference; lastKnownFileType = sourcecode.swift; path = SceneDelegate.swift; sourceTree = "<group>"; };
		AAF610BE2944FBF500234924 /* ViewController.swift */ = {isa = PBXFileReference; lastKnownFileType = sourcecode.swift; path = ViewController.swift; sourceTree = "<group>"; };
		AAF610C12944FBF500234924 /* Base */ = {isa = PBXFileReference; lastKnownFileType = file.storyboard; name = Base; path = Base.lproj/Main.storyboard; sourceTree = "<group>"; };
		AAF610C32944FBF600234924 /* Assets.xcassets */ = {isa = PBXFileReference; lastKnownFileType = folder.assetcatalog; path = Assets.xcassets; sourceTree = "<group>"; };
		AAF610C62944FBF600234924 /* Base */ = {isa = PBXFileReference; lastKnownFileType = file.storyboard; name = Base; path = Base.lproj/LaunchScreen.storyboard; sourceTree = "<group>"; };
		AAF610C82944FBF600234924 /* Info.plist */ = {isa = PBXFileReference; lastKnownFileType = text.plist.xml; path = Info.plist; sourceTree = "<group>"; };
		AAF610CB2944FBF600234924 /* NoPonto WatchKit App.app */ = {isa = PBXFileReference; explicitFileType = wrapper.application; includeInIndex = 0; path = "NoPonto WatchKit App.app"; sourceTree = BUILT_PRODUCTS_DIR; };
		AAF610D12944FBF600234924 /* Base */ = {isa = PBXFileReference; lastKnownFileType = file.storyboard; name = Base; path = Base.lproj/Interface.storyboard; sourceTree = "<group>"; };
		AAF610D32944FBF600234924 /* Assets.xcassets */ = {isa = PBXFileReference; lastKnownFileType = folder.assetcatalog; path = Assets.xcassets; sourceTree = "<group>"; };
		AAF610D92944FBF600234924 /* NoPonto WatchKit Extension.appex */ = {isa = PBXFileReference; explicitFileType = "wrapper.app-extension"; includeInIndex = 0; path = "NoPonto WatchKit Extension.appex"; sourceTree = BUILT_PRODUCTS_DIR; };
		AAF610DE2944FBF600234924 /* InterfaceController.swift */ = {isa = PBXFileReference; lastKnownFileType = sourcecode.swift; path = InterfaceController.swift; sourceTree = "<group>"; };
		AAF610E02944FBF600234924 /* ExtensionDelegate.swift */ = {isa = PBXFileReference; lastKnownFileType = sourcecode.swift; path = ExtensionDelegate.swift; sourceTree = "<group>"; };
		AAF610E22944FBF600234924 /* ComplicationController.swift */ = {isa = PBXFileReference; lastKnownFileType = sourcecode.swift; path = ComplicationController.swift; sourceTree = "<group>"; };
		AAF610E42944FBF700234924 /* Assets.xcassets */ = {isa = PBXFileReference; lastKnownFileType = folder.assetcatalog; path = Assets.xcassets; sourceTree = "<group>"; };
		AAF610E62944FBF700234924 /* Info.plist */ = {isa = PBXFileReference; lastKnownFileType = text.plist.xml; path = Info.plist; sourceTree = "<group>"; };
		ED619F73294506B400610C28 /* MeatTemperature.swift */ = {isa = PBXFileReference; lastKnownFileType = sourcecode.swift; path = MeatTemperature.swift; sourceTree = "<group>"; };
/* End PBXFileReference section */

/* Begin PBXFrameworksBuildPhase section */
		AAF610B42944FBF500234924 /* Frameworks */ = {
			isa = PBXFrameworksBuildPhase;
			buildActionMask = 2147483647;
			files = (
			);
			runOnlyForDeploymentPostprocessing = 0;
		};
		AAF610D62944FBF600234924 /* Frameworks */ = {
			isa = PBXFrameworksBuildPhase;
			buildActionMask = 2147483647;
			files = (
			);
			runOnlyForDeploymentPostprocessing = 0;
		};
/* End PBXFrameworksBuildPhase section */

/* Begin PBXGroup section */
		AAF610AE2944FBF500234924 = {
			isa = PBXGroup;
			children = (
				AAF610B92944FBF500234924 /* NoPonto */,
				AAF610CF2944FBF600234924 /* NoPonto WatchKit App */,
				AAF610DD2944FBF600234924 /* NoPonto WatchKit Extension */,
				AAF610B82944FBF500234924 /* Products */,
			);
			sourceTree = "<group>";
		};
		AAF610B82944FBF500234924 /* Products */ = {
			isa = PBXGroup;
			children = (
				AAF610B72944FBF500234924 /* NoPonto.app */,
				AAF610CB2944FBF600234924 /* NoPonto WatchKit App.app */,
				AAF610D92944FBF600234924 /* NoPonto WatchKit Extension.appex */,
			);
			name = Products;
			sourceTree = "<group>";
		};
		AAF610B92944FBF500234924 /* NoPonto */ = {
			isa = PBXGroup;
			children = (
				AAF610BA2944FBF500234924 /* AppDelegate.swift */,
				AAF610BC2944FBF500234924 /* SceneDelegate.swift */,
				AAF610BE2944FBF500234924 /* ViewController.swift */,
				AAF610C02944FBF500234924 /* Main.storyboard */,
				AAF610C32944FBF600234924 /* Assets.xcassets */,
				AAF610C52944FBF600234924 /* LaunchScreen.storyboard */,
				AAF610C82944FBF600234924 /* Info.plist */,
			);
			path = NoPonto;
			sourceTree = "<group>";
		};
		AAF610CF2944FBF600234924 /* NoPonto WatchKit App */ = {
			isa = PBXGroup;
			children = (
				AAF610D02944FBF600234924 /* Interface.storyboard */,
				AAF610D32944FBF600234924 /* Assets.xcassets */,
			);
			path = "NoPonto WatchKit App";
			sourceTree = "<group>";
		};
		AAF610DD2944FBF600234924 /* NoPonto WatchKit Extension */ = {
			isa = PBXGroup;
			children = (
				AAF610DE2944FBF600234924 /* InterfaceController.swift */,
				AAF610E02944FBF600234924 /* ExtensionDelegate.swift */,
				AAF610E22944FBF600234924 /* ComplicationController.swift */,
				ED619F73294506B400610C28 /* MeatTemperature.swift */,
				AAF610E42944FBF700234924 /* Assets.xcassets */,
				AAF610E62944FBF700234924 /* Info.plist */,
			);
			path = "NoPonto WatchKit Extension";
			sourceTree = "<group>";
		};
/* End PBXGroup section */

/* Begin PBXNativeTarget section */
		AAF610B62944FBF500234924 /* NoPonto */ = {
			isa = PBXNativeTarget;
			buildConfigurationList = AAF610F12944FBF700234924 /* Build configuration list for PBXNativeTarget "NoPonto" */;
			buildPhases = (
				AAF610B32944FBF500234924 /* Sources */,
				AAF610B42944FBF500234924 /* Frameworks */,
				AAF610B52944FBF500234924 /* Resources */,
				AAF610F02944FBF700234924 /* Embed Watch Content */,
			);
			buildRules = (
			);
			dependencies = (
				AAF610CE2944FBF600234924 /* PBXTargetDependency */,
			);
			name = NoPonto;
			productName = NoPonto;
			productReference = AAF610B72944FBF500234924 /* NoPonto.app */;
			productType = "com.apple.product-type.application";
		};
		AAF610CA2944FBF600234924 /* NoPonto WatchKit App */ = {
			isa = PBXNativeTarget;
			buildConfigurationList = AAF610ED2944FBF700234924 /* Build configuration list for PBXNativeTarget "NoPonto WatchKit App" */;
			buildPhases = (
				AAF610C92944FBF600234924 /* Resources */,
				AAF610EC2944FBF700234924 /* Embed App Extensions */,
			);
			buildRules = (
			);
			dependencies = (
				AAF610DC2944FBF600234924 /* PBXTargetDependency */,
			);
			name = "NoPonto WatchKit App";
			productName = "NoPonto WatchKit App";
			productReference = AAF610CB2944FBF600234924 /* NoPonto WatchKit App.app */;
			productType = "com.apple.product-type.application.watchapp2";
		};
		AAF610D82944FBF600234924 /* NoPonto WatchKit Extension */ = {
			isa = PBXNativeTarget;
			buildConfigurationList = AAF610E92944FBF700234924 /* Build configuration list for PBXNativeTarget "NoPonto WatchKit Extension" */;
			buildPhases = (
				AAF610D52944FBF600234924 /* Sources */,
				AAF610D62944FBF600234924 /* Frameworks */,
				AAF610D72944FBF600234924 /* Resources */,
			);
			buildRules = (
			);
			dependencies = (
			);
			name = "NoPonto WatchKit Extension";
			productName = "NoPonto WatchKit Extension";
			productReference = AAF610D92944FBF600234924 /* NoPonto WatchKit Extension.appex */;
			productType = "com.apple.product-type.watchkit2-extension";
		};
/* End PBXNativeTarget section */

/* Begin PBXProject section */
		AAF610AF2944FBF500234924 /* Project object */ = {
			isa = PBXProject;
			attributes = {
				BuildIndependentTargetsInParallel = 1;
				LastSwiftUpdateCheck = 1340;
				LastUpgradeCheck = 1340;
				TargetAttributes = {
					AAF610B62944FBF500234924 = {
						CreatedOnToolsVersion = 13.4.1;
					};
					AAF610CA2944FBF600234924 = {
						CreatedOnToolsVersion = 13.4.1;
					};
					AAF610D82944FBF600234924 = {
						CreatedOnToolsVersion = 13.4.1;
					};
				};
			};
			buildConfigurationList = AAF610B22944FBF500234924 /* Build configuration list for PBXProject "NoPonto" */;
			compatibilityVersion = "Xcode 13.0";
			developmentRegion = en;
			hasScannedForEncodings = 0;
			knownRegions = (
				en,
				Base,
			);
			mainGroup = AAF610AE2944FBF500234924;
			productRefGroup = AAF610B82944FBF500234924 /* Products */;
			projectDirPath = "";
			projectRoot = "";
			targets = (
				AAF610B62944FBF500234924 /* NoPonto */,
				AAF610CA2944FBF600234924 /* NoPonto WatchKit App */,
				AAF610D82944FBF600234924 /* NoPonto WatchKit Extension */,
			);
		};
/* End PBXProject section */

/* Begin PBXResourcesBuildPhase section */
		AAF610B52944FBF500234924 /* Resources */ = {
			isa = PBXResourcesBuildPhase;
			buildActionMask = 2147483647;
			files = (
				AAF610C72944FBF600234924 /* LaunchScreen.storyboard in Resources */,
				AAF610C42944FBF600234924 /* Assets.xcassets in Resources */,
				AAF610C22944FBF500234924 /* Main.storyboard in Resources */,
			);
			runOnlyForDeploymentPostprocessing = 0;
		};
		AAF610C92944FBF600234924 /* Resources */ = {
			isa = PBXResourcesBuildPhase;
			buildActionMask = 2147483647;
			files = (
				AAF610D42944FBF600234924 /* Assets.xcassets in Resources */,
				AAF610D22944FBF600234924 /* Interface.storyboard in Resources */,
			);
			runOnlyForDeploymentPostprocessing = 0;
		};
		AAF610D72944FBF600234924 /* Resources */ = {
			isa = PBXResourcesBuildPhase;
			buildActionMask = 2147483647;
			files = (
				AAF610E52944FBF700234924 /* Assets.xcassets in Resources */,
			);
			runOnlyForDeploymentPostprocessing = 0;
		};
/* End PBXResourcesBuildPhase section */

/* Begin PBXSourcesBuildPhase section */
		AAF610B32944FBF500234924 /* Sources */ = {
			isa = PBXSourcesBuildPhase;
			buildActionMask = 2147483647;
			files = (
				AAF610BF2944FBF500234924 /* ViewController.swift in Sources */,
				AAF610BB2944FBF500234924 /* AppDelegate.swift in Sources */,
				AAF610BD2944FBF500234924 /* SceneDelegate.swift in Sources */,
			);
			runOnlyForDeploymentPostprocessing = 0;
		};
		AAF610D52944FBF600234924 /* Sources */ = {
			isa = PBXSourcesBuildPhase;
			buildActionMask = 2147483647;
			files = (
				AAF610E12944FBF600234924 /* ExtensionDelegate.swift in Sources */,
				ED619F74294506B400610C28 /* MeatTemperature.swift in Sources */,
				AAF610DF2944FBF600234924 /* InterfaceController.swift in Sources */,
				AAF610E32944FBF600234924 /* ComplicationController.swift in Sources */,
			);
			runOnlyForDeploymentPostprocessing = 0;
		};
/* End PBXSourcesBuildPhase section */

/* Begin PBXTargetDependency section */
		AAF610CE2944FBF600234924 /* PBXTargetDependency */ = {
			isa = PBXTargetDependency;
			target = AAF610CA2944FBF600234924 /* NoPonto WatchKit App */;
			targetProxy = AAF610CD2944FBF600234924 /* PBXContainerItemProxy */;
		};
		AAF610DC2944FBF600234924 /* PBXTargetDependency */ = {
			isa = PBXTargetDependency;
			target = AAF610D82944FBF600234924 /* NoPonto WatchKit Extension */;
			targetProxy = AAF610DB2944FBF600234924 /* PBXContainerItemProxy */;
		};
/* End PBXTargetDependency section */

/* Begin PBXVariantGroup section */
		AAF610C02944FBF500234924 /* Main.storyboard */ = {
			isa = PBXVariantGroup;
			children = (
				AAF610C12944FBF500234924 /* Base */,
			);
			name = Main.storyboard;
			sourceTree = "<group>";
		};
		AAF610C52944FBF600234924 /* LaunchScreen.storyboard */ = {
			isa = PBXVariantGroup;
			children = (
				AAF610C62944FBF600234924 /* Base */,
			);
			name = LaunchScreen.storyboard;
			sourceTree = "<group>";
		};
		AAF610D02944FBF600234924 /* Interface.storyboard */ = {
			isa = PBXVariantGroup;
			children = (
				AAF610D12944FBF600234924 /* Base */,
			);
			name = Interface.storyboard;
			sourceTree = "<group>";
		};
/* End PBXVariantGroup section */

/* Begin XCBuildConfiguration section */
		AAF610E72944FBF700234924 /* Debug */ = {
			isa = XCBuildConfiguration;
			buildSettings = {
				ALWAYS_SEARCH_USER_PATHS = NO;
				CLANG_ANALYZER_NONNULL = YES;
				CLANG_ANALYZER_NUMBER_OBJECT_CONVERSION = YES_AGGRESSIVE;
				CLANG_CXX_LANGUAGE_STANDARD = "gnu++17";
				CLANG_ENABLE_MODULES = YES;
				CLANG_ENABLE_OBJC_ARC = YES;
				CLANG_ENABLE_OBJC_WEAK = YES;
				CLANG_WARN_BLOCK_CAPTURE_AUTORELEASING = YES;
				CLANG_WARN_BOOL_CONVERSION = YES;
				CLANG_WARN_COMMA = YES;
				CLANG_WARN_CONSTANT_CONVERSION = YES;
				CLANG_WARN_DEPRECATED_OBJC_IMPLEMENTATIONS = YES;
				CLANG_WARN_DIRECT_OBJC_ISA_USAGE = YES_ERROR;
				CLANG_WARN_DOCUMENTATION_COMMENTS = YES;
				CLANG_WARN_EMPTY_BODY = YES;
				CLANG_WARN_ENUM_CONVERSION = YES;
				CLANG_WARN_INFINITE_RECURSION = YES;
				CLANG_WARN_INT_CONVERSION = YES;
				CLANG_WARN_NON_LITERAL_NULL_CONVERSION = YES;
				CLANG_WARN_OBJC_IMPLICIT_RETAIN_SELF = YES;
				CLANG_WARN_OBJC_LITERAL_CONVERSION = YES;
				CLANG_WARN_OBJC_ROOT_CLASS = YES_ERROR;
				CLANG_WARN_QUOTED_INCLUDE_IN_FRAMEWORK_HEADER = YES;
				CLANG_WARN_RANGE_LOOP_ANALYSIS = YES;
				CLANG_WARN_STRICT_PROTOTYPES = YES;
				CLANG_WARN_SUSPICIOUS_MOVE = YES;
				CLANG_WARN_UNGUARDED_AVAILABILITY = YES_AGGRESSIVE;
				CLANG_WARN_UNREACHABLE_CODE = YES;
				CLANG_WARN__DUPLICATE_METHOD_MATCH = YES;
				COPY_PHASE_STRIP = NO;
				DEBUG_INFORMATION_FORMAT = dwarf;
				ENABLE_STRICT_OBJC_MSGSEND = YES;
				ENABLE_TESTABILITY = YES;
				GCC_C_LANGUAGE_STANDARD = gnu11;
				GCC_DYNAMIC_NO_PIC = NO;
				GCC_NO_COMMON_BLOCKS = YES;
				GCC_OPTIMIZATION_LEVEL = 0;
				GCC_PREPROCESSOR_DEFINITIONS = (
					"DEBUG=1",
					"$(inherited)",
				);
				GCC_WARN_64_TO_32_BIT_CONVERSION = YES;
				GCC_WARN_ABOUT_RETURN_TYPE = YES_ERROR;
				GCC_WARN_UNDECLARED_SELECTOR = YES;
				GCC_WARN_UNINITIALIZED_AUTOS = YES_AGGRESSIVE;
				GCC_WARN_UNUSED_FUNCTION = YES;
				GCC_WARN_UNUSED_VARIABLE = YES;
				MTL_ENABLE_DEBUG_INFO = INCLUDE_SOURCE;
				MTL_FAST_MATH = YES;
				ONLY_ACTIVE_ARCH = YES;
				SWIFT_ACTIVE_COMPILATION_CONDITIONS = DEBUG;
				SWIFT_OPTIMIZATION_LEVEL = "-Onone";
			};
			name = Debug;
		};
		AAF610E82944FBF700234924 /* Release */ = {
			isa = XCBuildConfiguration;
			buildSettings = {
				ALWAYS_SEARCH_USER_PATHS = NO;
				CLANG_ANALYZER_NONNULL = YES;
				CLANG_ANALYZER_NUMBER_OBJECT_CONVERSION = YES_AGGRESSIVE;
				CLANG_CXX_LANGUAGE_STANDARD = "gnu++17";
				CLANG_ENABLE_MODULES = YES;
				CLANG_ENABLE_OBJC_ARC = YES;
				CLANG_ENABLE_OBJC_WEAK = YES;
				CLANG_WARN_BLOCK_CAPTURE_AUTORELEASING = YES;
				CLANG_WARN_BOOL_CONVERSION = YES;
				CLANG_WARN_COMMA = YES;
				CLANG_WARN_CONSTANT_CONVERSION = YES;
				CLANG_WARN_DEPRECATED_OBJC_IMPLEMENTATIONS = YES;
				CLANG_WARN_DIRECT_OBJC_ISA_USAGE = YES_ERROR;
				CLANG_WARN_DOCUMENTATION_COMMENTS = YES;
				CLANG_WARN_EMPTY_BODY = YES;
				CLANG_WARN_ENUM_CONVERSION = YES;
				CLANG_WARN_INFINITE_RECURSION = YES;
				CLANG_WARN_INT_CONVERSION = YES;
				CLANG_WARN_NON_LITERAL_NULL_CONVERSION = YES;
				CLANG_WARN_OBJC_IMPLICIT_RETAIN_SELF = YES;
				CLANG_WARN_OBJC_LITERAL_CONVERSION = YES;
				CLANG_WARN_OBJC_ROOT_CLASS = YES_ERROR;
				CLANG_WARN_QUOTED_INCLUDE_IN_FRAMEWORK_HEADER = YES;
				CLANG_WARN_RANGE_LOOP_ANALYSIS = YES;
				CLANG_WARN_STRICT_PROTOTYPES = YES;
				CLANG_WARN_SUSPICIOUS_MOVE = YES;
				CLANG_WARN_UNGUARDED_AVAILABILITY = YES_AGGRESSIVE;
				CLANG_WARN_UNREACHABLE_CODE = YES;
				CLANG_WARN__DUPLICATE_METHOD_MATCH = YES;
				COPY_PHASE_STRIP = NO;
				DEBUG_INFORMATION_FORMAT = "dwarf-with-dsym";
				ENABLE_NS_ASSERTIONS = NO;
				ENABLE_STRICT_OBJC_MSGSEND = YES;
				GCC_C_LANGUAGE_STANDARD = gnu11;
				GCC_NO_COMMON_BLOCKS = YES;
				GCC_WARN_64_TO_32_BIT_CONVERSION = YES;
				GCC_WARN_ABOUT_RETURN_TYPE = YES_ERROR;
				GCC_WARN_UNDECLARED_SELECTOR = YES;
				GCC_WARN_UNINITIALIZED_AUTOS = YES_AGGRESSIVE;
				GCC_WARN_UNUSED_FUNCTION = YES;
				GCC_WARN_UNUSED_VARIABLE = YES;
				MTL_ENABLE_DEBUG_INFO = NO;
				MTL_FAST_MATH = YES;
				SWIFT_COMPILATION_MODE = wholemodule;
				SWIFT_OPTIMIZATION_LEVEL = "-O";
			};
			name = Release;
		};
		AAF610EA2944FBF700234924 /* Debug */ = {
			isa = XCBuildConfiguration;
			buildSettings = {
				ASSETCATALOG_COMPILER_COMPLICATION_NAME = Complication;
				CODE_SIGN_STYLE = Automatic;
				CURRENT_PROJECT_VERSION = 1;
				GENERATE_INFOPLIST_FILE = YES;
				INFOPLIST_FILE = "NoPonto WatchKit Extension/Info.plist";
				INFOPLIST_KEY_CFBundleDisplayName = "NoPonto WatchKit Extension";
				INFOPLIST_KEY_CLKComplicationPrincipalClass = "$(PRODUCT_MODULE_NAME).ComplicationController";
				INFOPLIST_KEY_NSHumanReadableCopyright = "";
				INFOPLIST_KEY_WKExtensionDelegateClassName = "$(PRODUCT_MODULE_NAME).ExtensionDelegate";
				INFOPLIST_KEY_WKRunsIndependentlyOfCompanionApp = YES;
				LD_RUNPATH_SEARCH_PATHS = (
					"$(inherited)",
					"@executable_path/Frameworks",
					"@executable_path/../../Frameworks",
				);
				MARKETING_VERSION = 1.0;
				PRODUCT_BUNDLE_IDENTIFIER = br.com.fiap.NoPonto.watchkitapp.watchkitextension;
				PRODUCT_NAME = "${TARGET_NAME}";
				SDKROOT = watchos;
				SKIP_INSTALL = YES;
				SWIFT_EMIT_LOC_STRINGS = YES;
				SWIFT_VERSION = 5.0;
				TARGETED_DEVICE_FAMILY = 4;
				WATCHOS_DEPLOYMENT_TARGET = 8.5;
			};
			name = Debug;
		};
		AAF610EB2944FBF700234924 /* Release */ = {
			isa = XCBuildConfiguration;
			buildSettings = {
				ASSETCATALOG_COMPILER_COMPLICATION_NAME = Complication;
				CODE_SIGN_STYLE = Automatic;
				CURRENT_PROJECT_VERSION = 1;
				GENERATE_INFOPLIST_FILE = YES;
				INFOPLIST_FILE = "NoPonto WatchKit Extension/Info.plist";
				INFOPLIST_KEY_CFBundleDisplayName = "NoPonto WatchKit Extension";
				INFOPLIST_KEY_CLKComplicationPrincipalClass = "$(PRODUCT_MODULE_NAME).ComplicationController";
				INFOPLIST_KEY_NSHumanReadableCopyright = "";
				INFOPLIST_KEY_WKExtensionDelegateClassName = "$(PRODUCT_MODULE_NAME).ExtensionDelegate";
				INFOPLIST_KEY_WKRunsIndependentlyOfCompanionApp = YES;
				LD_RUNPATH_SEARCH_PATHS = (
					"$(inherited)",
					"@executable_path/Frameworks",
					"@executable_path/../../Frameworks",
				);
				MARKETING_VERSION = 1.0;
				PRODUCT_BUNDLE_IDENTIFIER = br.com.fiap.NoPonto.watchkitapp.watchkitextension;
				PRODUCT_NAME = "${TARGET_NAME}";
				SDKROOT = watchos;
				SKIP_INSTALL = YES;
				SWIFT_EMIT_LOC_STRINGS = YES;
				SWIFT_VERSION = 5.0;
				TARGETED_DEVICE_FAMILY = 4;
				VALIDATE_PRODUCT = YES;
				WATCHOS_DEPLOYMENT_TARGET = 8.5;
			};
			name = Release;
		};
		AAF610EE2944FBF700234924 /* Debug */ = {
			isa = XCBuildConfiguration;
			buildSettings = {
				ALWAYS_EMBED_SWIFT_STANDARD_LIBRARIES = YES;
				ASSETCATALOG_COMPILER_APPICON_NAME = AppIcon;
				ASSETCATALOG_COMPILER_GLOBAL_ACCENT_COLOR_NAME = AccentColor;
				CODE_SIGN_STYLE = Automatic;
				CURRENT_PROJECT_VERSION = 1;
				GENERATE_INFOPLIST_FILE = YES;
				IBSC_MODULE = NoPonto_WatchKit_Extension;
				INFOPLIST_KEY_CFBundleDisplayName = "NoPonto WatchKit App";
				INFOPLIST_KEY_UISupportedInterfaceOrientations = "UIInterfaceOrientationPortrait UIInterfaceOrientationPortraitUpsideDown";
				INFOPLIST_KEY_WKCompanionAppBundleIdentifier = br.com.fiap.NoPonto;
				MARKETING_VERSION = 1.0;
				PRODUCT_BUNDLE_IDENTIFIER = br.com.fiap.NoPonto.watchkitapp;
				PRODUCT_NAME = "$(TARGET_NAME)";
				SDKROOT = watchos;
				SKIP_INSTALL = YES;
				SWIFT_EMIT_LOC_STRINGS = YES;
				SWIFT_VERSION = 5.0;
				TARGETED_DEVICE_FAMILY = 4;
				WATCHOS_DEPLOYMENT_TARGET = 8.5;
			};
			name = Debug;
		};
		AAF610EF2944FBF700234924 /* Release */ = {
			isa = XCBuildConfiguration;
			buildSettings = {
				ALWAYS_EMBED_SWIFT_STANDARD_LIBRARIES = YES;
				ASSETCATALOG_COMPILER_APPICON_NAME = AppIcon;
				ASSETCATALOG_COMPILER_GLOBAL_ACCENT_COLOR_NAME = AccentColor;
				CODE_SIGN_STYLE = Automatic;
				CURRENT_PROJECT_VERSION = 1;
				GENERATE_INFOPLIST_FILE = YES;
				IBSC_MODULE = NoPonto_WatchKit_Extension;
				INFOPLIST_KEY_CFBundleDisplayName = "NoPonto WatchKit App";
				INFOPLIST_KEY_UISupportedInterfaceOrientations = "UIInterfaceOrientationPortrait UIInterfaceOrientationPortraitUpsideDown";
				INFOPLIST_KEY_WKCompanionAppBundleIdentifier = br.com.fiap.NoPonto;
				MARKETING_VERSION = 1.0;
				PRODUCT_BUNDLE_IDENTIFIER = br.com.fiap.NoPonto.watchkitapp;
				PRODUCT_NAME = "$(TARGET_NAME)";
				SDKROOT = watchos;
				SKIP_INSTALL = YES;
				SWIFT_EMIT_LOC_STRINGS = YES;
				SWIFT_VERSION = 5.0;
				TARGETED_DEVICE_FAMILY = 4;
				VALIDATE_PRODUCT = YES;
				WATCHOS_DEPLOYMENT_TARGET = 8.5;
			};
			name = Release;
		};
		AAF610F22944FBF700234924 /* Debug */ = {
			isa = XCBuildConfiguration;
			buildSettings = {
				ASSETCATALOG_COMPILER_APPICON_NAME = AppIcon;
				ASSETCATALOG_COMPILER_GLOBAL_ACCENT_COLOR_NAME = AccentColor;
				CODE_SIGN_STYLE = Automatic;
				CURRENT_PROJECT_VERSION = 1;
				GENERATE_INFOPLIST_FILE = YES;
				INFOPLIST_FILE = NoPonto/Info.plist;
				INFOPLIST_KEY_UIApplicationSupportsIndirectInputEvents = YES;
				INFOPLIST_KEY_UILaunchStoryboardName = LaunchScreen;
				INFOPLIST_KEY_UIMainStoryboardFile = Main;
				INFOPLIST_KEY_UISupportedInterfaceOrientations_iPad = "UIInterfaceOrientationPortrait UIInterfaceOrientationPortraitUpsideDown UIInterfaceOrientationLandscapeLeft UIInterfaceOrientationLandscapeRight";
				INFOPLIST_KEY_UISupportedInterfaceOrientations_iPhone = "UIInterfaceOrientationPortrait UIInterfaceOrientationLandscapeLeft UIInterfaceOrientationLandscapeRight";
				IPHONEOS_DEPLOYMENT_TARGET = 15.5;
				LD_RUNPATH_SEARCH_PATHS = (
					"$(inherited)",
					"@executable_path/Frameworks",
				);
				MARKETING_VERSION = 1.0;
				PRODUCT_BUNDLE_IDENTIFIER = br.com.fiap.NoPonto;
				PRODUCT_NAME = "$(TARGET_NAME)";
				SDKROOT = iphoneos;
				SWIFT_EMIT_LOC_STRINGS = YES;
				SWIFT_VERSION = 5.0;
				TARGETED_DEVICE_FAMILY = "1,2";
			};
			name = Debug;
		};
		AAF610F32944FBF700234924 /* Release */ = {
			isa = XCBuildConfiguration;
			buildSettings = {
				ASSETCATALOG_COMPILER_APPICON_NAME = AppIcon;
				ASSETCATALOG_COMPILER_GLOBAL_ACCENT_COLOR_NAME = AccentColor;
				CODE_SIGN_STYLE = Automatic;
				CURRENT_PROJECT_VERSION = 1;
				GENERATE_INFOPLIST_FILE = YES;
				INFOPLIST_FILE = NoPonto/Info.plist;
				INFOPLIST_KEY_UIApplicationSupportsIndirectInputEvents = YES;
				INFOPLIST_KEY_UILaunchStoryboardName = LaunchScreen;
				INFOPLIST_KEY_UIMainStoryboardFile = Main;
				INFOPLIST_KEY_UISupportedInterfaceOrientations_iPad = "UIInterfaceOrientationPortrait UIInterfaceOrientationPortraitUpsideDown UIInterfaceOrientationLandscapeLeft UIInterfaceOrientationLandscapeRight";
				INFOPLIST_KEY_UISupportedInterfaceOrientations_iPhone = "UIInterfaceOrientationPortrait UIInterfaceOrientationLandscapeLeft UIInterfaceOrientationLandscapeRight";
				IPHONEOS_DEPLOYMENT_TARGET = 15.5;
				LD_RUNPATH_SEARCH_PATHS = (
					"$(inherited)",
					"@executable_path/Frameworks",
				);
				MARKETING_VERSION = 1.0;
				PRODUCT_BUNDLE_IDENTIFIER = br.com.fiap.NoPonto;
				PRODUCT_NAME = "$(TARGET_NAME)";
				SDKROOT = iphoneos;
				SWIFT_EMIT_LOC_STRINGS = YES;
				SWIFT_VERSION = 5.0;
				TARGETED_DEVICE_FAMILY = "1,2";
				VALIDATE_PRODUCT = YES;
			};
			name = Release;
		};
/* End XCBuildConfiguration section */

/* Begin XCConfigurationList section */
		AAF610B22944FBF500234924 /* Build configuration list for PBXProject "NoPonto" */ = {
			isa = XCConfigurationList;
			buildConfigurations = (
				AAF610E72944FBF700234924 /* Debug */,
				AAF610E82944FBF700234924 /* Release */,
			);
			defaultConfigurationIsVisible = 0;
			defaultConfigurationName = Release;
		};
		AAF610E92944FBF700234924 /* Build configuration list for PBXNativeTarget "NoPonto WatchKit Extension" */ = {
			isa = XCConfigurationList;
			buildConfigurations = (
				AAF610EA2944FBF700234924 /* Debug */,
				AAF610EB2944FBF700234924 /* Release */,
			);
			defaultConfigurationIsVisible = 0;
			defaultConfigurationName = Release;
		};
		AAF610ED2944FBF700234924 /* Build configuration list for PBXNativeTarget "NoPonto WatchKit App" */ = {
			isa = XCConfigurationList;
			buildConfigurations = (
				AAF610EE2944FBF700234924 /* Debug */,
				AAF610EF2944FBF700234924 /* Release */,
			);
			defaultConfigurationIsVisible = 0;
			defaultConfigurationName = Release;
		};
		AAF610F12944FBF700234924 /* Build configuration list for PBXNativeTarget "NoPonto" */ = {
			isa = XCConfigurationList;
			buildConfigurations = (
				AAF610F22944FBF700234924 /* Debug */,
				AAF610F32944FBF700234924 /* Release */,
			);
			defaultConfigurationIsVisible = 0;
			defaultConfigurationName = Release;
		};
/* End XCConfigurationList section */
	};
	rootObject = AAF610AF2944FBF500234924 /* Project object */;
}
